
Microsoft Visual Studio Solution File, Format Version 12.00
# Visual Studio Version 16
VisualStudioVersion = 16.0.29201.188
MinimumVisualStudioVersion = 10.0.40219.1
Project("{888888A0-9F3D-457C-B088-3A5042F75D52}") = "FantasyPremierLeague", "FantasyPremierLeague.pyproj", "{2660C76E-111C-49E4-8160-80668CBE96EC}"
EndProject
Global
	GlobalSection(SolutionConfigurationPlatforms) = preSolution
		Debug|Any CPU = Debug|Any CPU
		Release|Any CPU = Release|Any CPU
	EndGlobalSection
	GlobalSection(ProjectConfigurationPlatforms) = postSolution
		{2660C76E-111C-49E4-8160-80668CBE96EC}.Debug|Any CPU.ActiveCfg = Debug|Any CPU
		{2660C76E-111C-49E4-8160-80668CBE96EC}.Release|Any CPU.ActiveCfg = Release|Any CPU
	EndGlobalSection
	GlobalSection(SolutionProperties) = preSolution
		HideSolutionNode = FALSE
	EndGlobalSection
	GlobalSection(ExtensibilityGlobals) = postSolution
		SolutionGuid = {D8AB314F-E91B-4219-BAEE-56B53DE79A37}
	EndGlobalSection
EndGlobal
